// !$*UTF8*$!
{
	archiveVersion = 1;
	classes = {
	};
	objectVersion = 46;
	objects = {

/* Begin PBXBuildFile section */
		07A7AABC1F2F1AB18D5034E7 /* Pods_MarvelAppUITests.framework in Frameworks */ = {isa = PBXBuildFile; fileRef = 09F444E1D64C0C3523DE283B /* Pods_MarvelAppUITests.framework */; };
		6DA28493A20D952FB9ED4D12 /* Pods_MarvelAppTests.framework in Frameworks */ = {isa = PBXBuildFile; fileRef = 4A8EB7A5E9823106E3A817DC /* Pods_MarvelAppTests.framework */; };
		B2830ABE0A1CBA642114126F /* Pods_MarvelApp.framework in Frameworks */ = {isa = PBXBuildFile; fileRef = 344980B3EE9340B99FF426E6 /* Pods_MarvelApp.framework */; };
		FB8932B91DF5DCE500F0E845 /* UIView+Utils.swift in Sources */ = {isa = PBXBuildFile; fileRef = FB8932B81DF5DCE500F0E845 /* UIView+Utils.swift */; };
		FB8932BA1DF5DCE500F0E845 /* UIView+Utils.swift in Sources */ = {isa = PBXBuildFile; fileRef = FB8932B81DF5DCE500F0E845 /* UIView+Utils.swift */; };
		FB8932BB1DF5DCE500F0E845 /* UIView+Utils.swift in Sources */ = {isa = PBXBuildFile; fileRef = FB8932B81DF5DCE500F0E845 /* UIView+Utils.swift */; };
		FBA5D0251DE46361008782E6 /* AppDelegate.swift in Sources */ = {isa = PBXBuildFile; fileRef = FBA5D0241DE46361008782E6 /* AppDelegate.swift */; };
		FBA5D02C1DE46361008782E6 /* Assets.xcassets in Resources */ = {isa = PBXBuildFile; fileRef = FBA5D02B1DE46361008782E6 /* Assets.xcassets */; };
		FBA5D03A1DE46361008782E6 /* MarvelAppTests.swift in Sources */ = {isa = PBXBuildFile; fileRef = FBA5D0391DE46361008782E6 /* MarvelAppTests.swift */; };
		FBA5D0451DE46361008782E6 /* MarvelAppUITests.swift in Sources */ = {isa = PBXBuildFile; fileRef = FBA5D0441DE46361008782E6 /* MarvelAppUITests.swift */; };
		FBA5D05C1DE47289008782E6 /* LaunchScreen.storyboard in Resources */ = {isa = PBXBuildFile; fileRef = FBA5D0581DE47289008782E6 /* LaunchScreen.storyboard */; };
		FBA5D05D1DE47289008782E6 /* Main.storyboard in Resources */ = {isa = PBXBuildFile; fileRef = FBA5D05A1DE47289008782E6 /* Main.storyboard */; };
		FBA5D0731DE5998C008782E6 /* String+Utils.swift in Sources */ = {isa = PBXBuildFile; fileRef = FBA5D0721DE5998C008782E6 /* String+Utils.swift */; };
		FBA5D0741DE5998C008782E6 /* String+Utils.swift in Sources */ = {isa = PBXBuildFile; fileRef = FBA5D0721DE5998C008782E6 /* String+Utils.swift */; };
		FBA5D0751DE5998C008782E6 /* String+Utils.swift in Sources */ = {isa = PBXBuildFile; fileRef = FBA5D0721DE5998C008782E6 /* String+Utils.swift */; };
		FBA5D0771DE59A41008782E6 /* MarvelService.swift in Sources */ = {isa = PBXBuildFile; fileRef = FBA5D0761DE59A41008782E6 /* MarvelService.swift */; };
		FBA5D0781DE59A41008782E6 /* MarvelService.swift in Sources */ = {isa = PBXBuildFile; fileRef = FBA5D0761DE59A41008782E6 /* MarvelService.swift */; };
		FBA5D0791DE59A41008782E6 /* MarvelService.swift in Sources */ = {isa = PBXBuildFile; fileRef = FBA5D0761DE59A41008782E6 /* MarvelService.swift */; };
		FBC792461DE5A3F90065132B /* MarvelSession.swift in Sources */ = {isa = PBXBuildFile; fileRef = FBC792451DE5A3F90065132B /* MarvelSession.swift */; };
		FBC792471DE5A3F90065132B /* MarvelSession.swift in Sources */ = {isa = PBXBuildFile; fileRef = FBC792451DE5A3F90065132B /* MarvelSession.swift */; };
		FBC792481DE5A3F90065132B /* MarvelSession.swift in Sources */ = {isa = PBXBuildFile; fileRef = FBC792451DE5A3F90065132B /* MarvelSession.swift */; };
		FBC7924A1DE5A7E10065132B /* APIManager.swift in Sources */ = {isa = PBXBuildFile; fileRef = FBC792491DE5A7E10065132B /* APIManager.swift */; };
		FBC7924B1DE5A7E10065132B /* APIManager.swift in Sources */ = {isa = PBXBuildFile; fileRef = FBC792491DE5A7E10065132B /* APIManager.swift */; };
		FBC7924C1DE5A7E10065132B /* APIManager.swift in Sources */ = {isa = PBXBuildFile; fileRef = FBC792491DE5A7E10065132B /* APIManager.swift */; };
		FBC7924F1DE5B2DC0065132B /* Character.swift in Sources */ = {isa = PBXBuildFile; fileRef = FBC7924E1DE5B2DC0065132B /* Character.swift */; };
		FBC792501DE5B2DC0065132B /* Character.swift in Sources */ = {isa = PBXBuildFile; fileRef = FBC7924E1DE5B2DC0065132B /* Character.swift */; };
		FBC792511DE5B2DC0065132B /* Character.swift in Sources */ = {isa = PBXBuildFile; fileRef = FBC7924E1DE5B2DC0065132B /* Character.swift */; };
		FBC792541DE5BE230065132B /* GetCharactersResponse.swift in Sources */ = {isa = PBXBuildFile; fileRef = FBC792531DE5BE230065132B /* GetCharactersResponse.swift */; };
		FBC792551DE5BE230065132B /* GetCharactersResponse.swift in Sources */ = {isa = PBXBuildFile; fileRef = FBC792531DE5BE230065132B /* GetCharactersResponse.swift */; };
		FBC792561DE5BE230065132B /* GetCharactersResponse.swift in Sources */ = {isa = PBXBuildFile; fileRef = FBC792531DE5BE230065132B /* GetCharactersResponse.swift */; };
		FBC792581DE5EA500065132B /* MarvelData.swift in Sources */ = {isa = PBXBuildFile; fileRef = FBC792571DE5EA500065132B /* MarvelData.swift */; };
		FBC792591DE5EA500065132B /* MarvelData.swift in Sources */ = {isa = PBXBuildFile; fileRef = FBC792571DE5EA500065132B /* MarvelData.swift */; };
		FBC7925A1DE5EA500065132B /* MarvelData.swift in Sources */ = {isa = PBXBuildFile; fileRef = FBC792571DE5EA500065132B /* MarvelData.swift */; };
		FBC792611DE5F7490065132B /* CharacterGroupViewController.swift in Sources */ = {isa = PBXBuildFile; fileRef = FBC792601DE5F7490065132B /* CharacterGroupViewController.swift */; };
		FBC792621DE5F8220065132B /* CharacterGroupViewController.swift in Sources */ = {isa = PBXBuildFile; fileRef = FBC792601DE5F7490065132B /* CharacterGroupViewController.swift */; };
		FBC792631DE5F8230065132B /* CharacterGroupViewController.swift in Sources */ = {isa = PBXBuildFile; fileRef = FBC792601DE5F7490065132B /* CharacterGroupViewController.swift */; };
		FBC7926A1DE5FE110065132B /* CharacterTableViewCell.swift in Sources */ = {isa = PBXBuildFile; fileRef = FBC792681DE5FE110065132B /* CharacterTableViewCell.swift */; };
		FBC7926B1DE5FE110065132B /* CharacterTableViewCell.swift in Sources */ = {isa = PBXBuildFile; fileRef = FBC792681DE5FE110065132B /* CharacterTableViewCell.swift */; };
		FBC7926C1DE5FE110065132B /* CharacterTableViewCell.swift in Sources */ = {isa = PBXBuildFile; fileRef = FBC792681DE5FE110065132B /* CharacterTableViewCell.swift */; };
		FBC7926D1DE5FE110065132B /* CharacterTableViewCell.xib in Resources */ = {isa = PBXBuildFile; fileRef = FBC792691DE5FE110065132B /* CharacterTableViewCell.xib */; };
		FBC7926E1DE5FE110065132B /* CharacterTableViewCell.xib in Resources */ = {isa = PBXBuildFile; fileRef = FBC792691DE5FE110065132B /* CharacterTableViewCell.xib */; };
		FBC7926F1DE5FE110065132B /* CharacterTableViewCell.xib in Resources */ = {isa = PBXBuildFile; fileRef = FBC792691DE5FE110065132B /* CharacterTableViewCell.xib */; };
/* End PBXBuildFile section */

/* Begin PBXContainerItemProxy section */
		FBA5D0361DE46361008782E6 /* PBXContainerItemProxy */ = {
			isa = PBXContainerItemProxy;
			containerPortal = FBA5D0191DE46361008782E6 /* Project object */;
			proxyType = 1;
			remoteGlobalIDString = FBA5D0201DE46361008782E6;
			remoteInfo = MarvelApp;
		};
		FBA5D0411DE46361008782E6 /* PBXContainerItemProxy */ = {
			isa = PBXContainerItemProxy;
			containerPortal = FBA5D0191DE46361008782E6 /* Project object */;
			proxyType = 1;
			remoteGlobalIDString = FBA5D0201DE46361008782E6;
			remoteInfo = MarvelApp;
		};
/* End PBXContainerItemProxy section */

/* Begin PBXFileReference section */
		09F444E1D64C0C3523DE283B /* Pods_MarvelAppUITests.framework */ = {isa = PBXFileReference; explicitFileType = wrapper.framework; includeInIndex = 0; path = Pods_MarvelAppUITests.framework; sourceTree = BUILT_PRODUCTS_DIR; };
		2E39743CE2C6DD2523F0D9D1 /* Pods-MarvelApp.debug.xcconfig */ = {isa = PBXFileReference; includeInIndex = 1; lastKnownFileType = text.xcconfig; name = "Pods-MarvelApp.debug.xcconfig"; path = "Pods/Target Support Files/Pods-MarvelApp/Pods-MarvelApp.debug.xcconfig"; sourceTree = "<group>"; };
		344980B3EE9340B99FF426E6 /* Pods_MarvelApp.framework */ = {isa = PBXFileReference; explicitFileType = wrapper.framework; includeInIndex = 0; path = Pods_MarvelApp.framework; sourceTree = BUILT_PRODUCTS_DIR; };
		4A8EB7A5E9823106E3A817DC /* Pods_MarvelAppTests.framework */ = {isa = PBXFileReference; explicitFileType = wrapper.framework; includeInIndex = 0; path = Pods_MarvelAppTests.framework; sourceTree = BUILT_PRODUCTS_DIR; };
		6DFE28B60DEE29F45F19093F /* Pods-MarvelAppTests.release.xcconfig */ = {isa = PBXFileReference; includeInIndex = 1; lastKnownFileType = text.xcconfig; name = "Pods-MarvelAppTests.release.xcconfig"; path = "Pods/Target Support Files/Pods-MarvelAppTests/Pods-MarvelAppTests.release.xcconfig"; sourceTree = "<group>"; };
		9EDCE45E79B89A46798EC619 /* Pods-MarvelAppTests.debug.xcconfig */ = {isa = PBXFileReference; includeInIndex = 1; lastKnownFileType = text.xcconfig; name = "Pods-MarvelAppTests.debug.xcconfig"; path = "Pods/Target Support Files/Pods-MarvelAppTests/Pods-MarvelAppTests.debug.xcconfig"; sourceTree = "<group>"; };
		DC5921ACB43CC14000BCA4ED /* Pods-MarvelApp.release.xcconfig */ = {isa = PBXFileReference; includeInIndex = 1; lastKnownFileType = text.xcconfig; name = "Pods-MarvelApp.release.xcconfig"; path = "Pods/Target Support Files/Pods-MarvelApp/Pods-MarvelApp.release.xcconfig"; sourceTree = "<group>"; };
		FB8932B81DF5DCE500F0E845 /* UIView+Utils.swift */ = {isa = PBXFileReference; fileEncoding = 4; lastKnownFileType = sourcecode.swift; name = "UIView+Utils.swift"; path = "Utils/Extensions/UIView+Utils.swift"; sourceTree = "<group>"; };
		FBA5D0211DE46361008782E6 /* MarvelApp.app */ = {isa = PBXFileReference; explicitFileType = wrapper.application; includeInIndex = 0; path = MarvelApp.app; sourceTree = BUILT_PRODUCTS_DIR; };
		FBA5D0241DE46361008782E6 /* AppDelegate.swift */ = {isa = PBXFileReference; lastKnownFileType = sourcecode.swift; path = AppDelegate.swift; sourceTree = "<group>"; };
		FBA5D02B1DE46361008782E6 /* Assets.xcassets */ = {isa = PBXFileReference; lastKnownFileType = folder.assetcatalog; path = Assets.xcassets; sourceTree = "<group>"; };
		FBA5D0301DE46361008782E6 /* Info.plist */ = {isa = PBXFileReference; lastKnownFileType = text.plist.xml; path = Info.plist; sourceTree = "<group>"; };
		FBA5D0351DE46361008782E6 /* MarvelAppTests.xctest */ = {isa = PBXFileReference; explicitFileType = wrapper.cfbundle; includeInIndex = 0; path = MarvelAppTests.xctest; sourceTree = BUILT_PRODUCTS_DIR; };
		FBA5D0391DE46361008782E6 /* MarvelAppTests.swift */ = {isa = PBXFileReference; lastKnownFileType = sourcecode.swift; path = MarvelAppTests.swift; sourceTree = "<group>"; };
		FBA5D03B1DE46361008782E6 /* Info.plist */ = {isa = PBXFileReference; lastKnownFileType = text.plist.xml; path = Info.plist; sourceTree = "<group>"; };
		FBA5D0401DE46361008782E6 /* MarvelAppUITests.xctest */ = {isa = PBXFileReference; explicitFileType = wrapper.cfbundle; includeInIndex = 0; path = MarvelAppUITests.xctest; sourceTree = BUILT_PRODUCTS_DIR; };
		FBA5D0441DE46361008782E6 /* MarvelAppUITests.swift */ = {isa = PBXFileReference; lastKnownFileType = sourcecode.swift; path = MarvelAppUITests.swift; sourceTree = "<group>"; };
		FBA5D0461DE46361008782E6 /* Info.plist */ = {isa = PBXFileReference; lastKnownFileType = text.plist.xml; path = Info.plist; sourceTree = "<group>"; };
		FBA5D0591DE47289008782E6 /* Base */ = {isa = PBXFileReference; lastKnownFileType = file.storyboard; name = Base; path = UI/Storyboards/Base.lproj/LaunchScreen.storyboard; sourceTree = "<group>"; };
		FBA5D05B1DE47289008782E6 /* Base */ = {isa = PBXFileReference; lastKnownFileType = file.storyboard; name = Base; path = UI/Storyboards/Base.lproj/Main.storyboard; sourceTree = "<group>"; };
		FBA5D0721DE5998C008782E6 /* String+Utils.swift */ = {isa = PBXFileReference; fileEncoding = 4; lastKnownFileType = sourcecode.swift; name = "String+Utils.swift"; path = "Utils/Extensions/String+Utils.swift"; sourceTree = "<group>"; };
		FBA5D0761DE59A41008782E6 /* MarvelService.swift */ = {isa = PBXFileReference; fileEncoding = 4; lastKnownFileType = sourcecode.swift; name = MarvelService.swift; path = Source/WebServices/MarvelService.swift; sourceTree = "<group>"; };
		FBC792451DE5A3F90065132B /* MarvelSession.swift */ = {isa = PBXFileReference; fileEncoding = 4; lastKnownFileType = sourcecode.swift; name = MarvelSession.swift; path = Source/Session/MarvelSession.swift; sourceTree = "<group>"; };
		FBC792491DE5A7E10065132B /* APIManager.swift */ = {isa = PBXFileReference; fileEncoding = 4; lastKnownFileType = sourcecode.swift; path = APIManager.swift; sourceTree = "<group>"; };
		FBC7924E1DE5B2DC0065132B /* Character.swift */ = {isa = PBXFileReference; fileEncoding = 4; lastKnownFileType = sourcecode.swift; name = Character.swift; path = Source/Models/Character.swift; sourceTree = "<group>"; };
		FBC792531DE5BE230065132B /* GetCharactersResponse.swift */ = {isa = PBXFileReference; fileEncoding = 4; lastKnownFileType = sourcecode.swift; name = GetCharactersResponse.swift; path = Source/Models/ServiceResponseModels/GetCharactersResponse.swift; sourceTree = "<group>"; };
		FBC792571DE5EA500065132B /* MarvelData.swift */ = {isa = PBXFileReference; fileEncoding = 4; lastKnownFileType = sourcecode.swift; name = MarvelData.swift; path = Source/Models/MarvelData.swift; sourceTree = "<group>"; };
		FBC792601DE5F7490065132B /* CharacterGroupViewController.swift */ = {isa = PBXFileReference; fileEncoding = 4; lastKnownFileType = sourcecode.swift; name = CharacterGroupViewController.swift; path = Source/ViewControllers/CharacterGroupViewController.swift; sourceTree = "<group>"; };
		FBC792641DE5F9080065132B /* MarvelApp-Bridging-Header.h */ = {isa = PBXFileReference; fileEncoding = 4; lastKnownFileType = sourcecode.c.h; name = "MarvelApp-Bridging-Header.h"; path = "MarvelApp/Bridging-Headers/MarvelApp-Bridging-Header.h"; sourceTree = SOURCE_ROOT; };
		FBC792651DE5F9080065132B /* MarvelAppTests-Bridging-Header.h */ = {isa = PBXFileReference; fileEncoding = 4; lastKnownFileType = sourcecode.c.h; name = "MarvelAppTests-Bridging-Header.h"; path = "Bridging-Headers/MarvelAppTests-Bridging-Header.h"; sourceTree = "<group>"; };
		FBC792661DE5F9080065132B /* MarvelAppUITests-Bridging-Header.h */ = {isa = PBXFileReference; fileEncoding = 4; lastKnownFileType = sourcecode.c.h; name = "MarvelAppUITests-Bridging-Header.h"; path = "Bridging-Headers/MarvelAppUITests-Bridging-Header.h"; sourceTree = "<group>"; };
		FBC792681DE5FE110065132B /* CharacterTableViewCell.swift */ = {isa = PBXFileReference; fileEncoding = 4; lastKnownFileType = sourcecode.swift; name = CharacterTableViewCell.swift; path = Source/TableViewCells/CharacterTableViewCell.swift; sourceTree = "<group>"; };
		FBC792691DE5FE110065132B /* CharacterTableViewCell.xib */ = {isa = PBXFileReference; fileEncoding = 4; lastKnownFileType = file.xib; name = CharacterTableViewCell.xib; path = Source/TableViewCells/CharacterTableViewCell.xib; sourceTree = "<group>"; };
		FF94A672C0C179BB0C3D9813 /* Pods-MarvelAppUITests.debug.xcconfig */ = {isa = PBXFileReference; includeInIndex = 1; lastKnownFileType = text.xcconfig; name = "Pods-MarvelAppUITests.debug.xcconfig"; path = "Pods/Target Support Files/Pods-MarvelAppUITests/Pods-MarvelAppUITests.debug.xcconfig"; sourceTree = "<group>"; };
		FFA528BF3AECE8C265952FDE /* Pods-MarvelAppUITests.release.xcconfig */ = {isa = PBXFileReference; includeInIndex = 1; lastKnownFileType = text.xcconfig; name = "Pods-MarvelAppUITests.release.xcconfig"; path = "Pods/Target Support Files/Pods-MarvelAppUITests/Pods-MarvelAppUITests.release.xcconfig"; sourceTree = "<group>"; };
/* End PBXFileReference section */

/* Begin PBXFrameworksBuildPhase section */
		FBA5D01E1DE46361008782E6 /* Frameworks */ = {
			isa = PBXFrameworksBuildPhase;
			buildActionMask = 2147483647;
			files = (
				B2830ABE0A1CBA642114126F /* Pods_MarvelApp.framework in Frameworks */,
			);
			runOnlyForDeploymentPostprocessing = 0;
		};
		FBA5D0321DE46361008782E6 /* Frameworks */ = {
			isa = PBXFrameworksBuildPhase;
			buildActionMask = 2147483647;
			files = (
				6DA28493A20D952FB9ED4D12 /* Pods_MarvelAppTests.framework in Frameworks */,
			);
			runOnlyForDeploymentPostprocessing = 0;
		};
		FBA5D03D1DE46361008782E6 /* Frameworks */ = {
			isa = PBXFrameworksBuildPhase;
			buildActionMask = 2147483647;
			files = (
				07A7AABC1F2F1AB18D5034E7 /* Pods_MarvelAppUITests.framework in Frameworks */,
			);
			runOnlyForDeploymentPostprocessing = 0;
		};
/* End PBXFrameworksBuildPhase section */

/* Begin PBXGroup section */
		3951AAAD6017FCF62E3FC453 /* Pods */ = {
			isa = PBXGroup;
			children = (
				2E39743CE2C6DD2523F0D9D1 /* Pods-MarvelApp.debug.xcconfig */,
				DC5921ACB43CC14000BCA4ED /* Pods-MarvelApp.release.xcconfig */,
				9EDCE45E79B89A46798EC619 /* Pods-MarvelAppTests.debug.xcconfig */,
				6DFE28B60DEE29F45F19093F /* Pods-MarvelAppTests.release.xcconfig */,
				FF94A672C0C179BB0C3D9813 /* Pods-MarvelAppUITests.debug.xcconfig */,
				FFA528BF3AECE8C265952FDE /* Pods-MarvelAppUITests.release.xcconfig */,
			);
			name = Pods;
			sourceTree = "<group>";
		};
		A67710DCA6ADD45D299BD398 /* Frameworks */ = {
			isa = PBXGroup;
			children = (
				344980B3EE9340B99FF426E6 /* Pods_MarvelApp.framework */,
				4A8EB7A5E9823106E3A817DC /* Pods_MarvelAppTests.framework */,
				09F444E1D64C0C3523DE283B /* Pods_MarvelAppUITests.framework */,
			);
			name = Frameworks;
			sourceTree = "<group>";
		};
		FBA5D0181DE46361008782E6 = {
			isa = PBXGroup;
			children = (
				FBA5D0231DE46361008782E6 /* MarvelApp */,
				FBA5D0381DE46361008782E6 /* MarvelAppTests */,
				FBA5D0431DE46361008782E6 /* MarvelAppUITests */,
				FBA5D0221DE46361008782E6 /* Products */,
				3951AAAD6017FCF62E3FC453 /* Pods */,
				A67710DCA6ADD45D299BD398 /* Frameworks */,
			);
			sourceTree = "<group>";
		};
		FBA5D0221DE46361008782E6 /* Products */ = {
			isa = PBXGroup;
			children = (
				FBA5D0211DE46361008782E6 /* MarvelApp.app */,
				FBA5D0351DE46361008782E6 /* MarvelAppTests.xctest */,
				FBA5D0401DE46361008782E6 /* MarvelAppUITests.xctest */,
			);
			name = Products;
			sourceTree = "<group>";
		};
		FBA5D0231DE46361008782E6 /* MarvelApp */ = {
			isa = PBXGroup;
			children = (
				FBA5D0551DE4719F008782E6 /* UI */,
				FBA5D0541DE47190008782E6 /* Source */,
				FBA5D0531DE47167008782E6 /* Utils */,
				FBA5D0241DE46361008782E6 /* AppDelegate.swift */,
				FBA5D02B1DE46361008782E6 /* Assets.xcassets */,
				FBA5D0301DE46361008782E6 /* Info.plist */,
			);
			path = MarvelApp;
			sourceTree = "<group>";
		};
		FBA5D0381DE46361008782E6 /* MarvelAppTests */ = {
			isa = PBXGroup;
			children = (
				FBA5D0391DE46361008782E6 /* MarvelAppTests.swift */,
				FBA5D03B1DE46361008782E6 /* Info.plist */,
			);
			path = MarvelAppTests;
			sourceTree = "<group>";
		};
		FBA5D0431DE46361008782E6 /* MarvelAppUITests */ = {
			isa = PBXGroup;
			children = (
				FBA5D0441DE46361008782E6 /* MarvelAppUITests.swift */,
				FBA5D0461DE46361008782E6 /* Info.plist */,
			);
			path = MarvelAppUITests;
			sourceTree = "<group>";
		};
		FBA5D0521DE47147008782E6 /* WebServices */ = {
			isa = PBXGroup;
			children = (
				FBA5D0761DE59A41008782E6 /* MarvelService.swift */,
				FBC792491DE5A7E10065132B /* APIManager.swift */,
			);
			name = WebServices;
			sourceTree = "<group>";
		};
		FBA5D0531DE47167008782E6 /* Utils */ = {
			isa = PBXGroup;
			children = (
				FBA5D0691DE596DC008782E6 /* Extensions */,
			);
			name = Utils;
			sourceTree = "<group>";
		};
		FBA5D0541DE47190008782E6 /* Source */ = {
			isa = PBXGroup;
			children = (
				FBC792671DE5FDC40065132B /* TableViewCells */,
				FBC7925F1DE5EE050065132B /* ViewControllers */,
				FBC7925B1DE5EDB90065132B /* Bridging-Headers */,
				FBC7924D1DE5B2930065132B /* Models */,
				FBC792441DE5A1890065132B /* Session */,
				FBA5D0521DE47147008782E6 /* WebServices */,
			);
			name = Source;
			sourceTree = "<group>";
		};
		FBA5D0551DE4719F008782E6 /* UI */ = {
			isa = PBXGroup;
			children = (
				FBA5D0561DE471BD008782E6 /* Storyboards */,
			);
			name = UI;
			sourceTree = "<group>";
		};
		FBA5D0561DE471BD008782E6 /* Storyboards */ = {
			isa = PBXGroup;
			children = (
				FBA5D0581DE47289008782E6 /* LaunchScreen.storyboard */,
				FBA5D05A1DE47289008782E6 /* Main.storyboard */,
			);
			name = Storyboards;
			sourceTree = "<group>";
		};
		FBA5D0691DE596DC008782E6 /* Extensions */ = {
			isa = PBXGroup;
			children = (
				FBA5D0721DE5998C008782E6 /* String+Utils.swift */,
				FB8932B81DF5DCE500F0E845 /* UIView+Utils.swift */,
			);
			name = Extensions;
			sourceTree = "<group>";
		};
		FBC792441DE5A1890065132B /* Session */ = {
			isa = PBXGroup;
			children = (
				FBC792451DE5A3F90065132B /* MarvelSession.swift */,
			);
			name = Session;
			sourceTree = "<group>";
		};
		FBC7924D1DE5B2930065132B /* Models */ = {
			isa = PBXGroup;
			children = (
				FBC792521DE5BDEA0065132B /* ServiceResponseModels */,
				FBC7924E1DE5B2DC0065132B /* Character.swift */,
				FBC792571DE5EA500065132B /* MarvelData.swift */,
			);
			name = Models;
			sourceTree = "<group>";
		};
		FBC792521DE5BDEA0065132B /* ServiceResponseModels */ = {
			isa = PBXGroup;
			children = (
				FBC792531DE5BE230065132B /* GetCharactersResponse.swift */,
			);
			name = ServiceResponseModels;
			sourceTree = "<group>";
		};
		FBC7925B1DE5EDB90065132B /* Bridging-Headers */ = {
			isa = PBXGroup;
			children = (
				FBC792641DE5F9080065132B /* MarvelApp-Bridging-Header.h */,
				FBC792651DE5F9080065132B /* MarvelAppTests-Bridging-Header.h */,
				FBC792661DE5F9080065132B /* MarvelAppUITests-Bridging-Header.h */,
			);
			name = "Bridging-Headers";
			sourceTree = "<group>";
		};
		FBC7925F1DE5EE050065132B /* ViewControllers */ = {
			isa = PBXGroup;
			children = (
				FBC792601DE5F7490065132B /* CharacterGroupViewController.swift */,
			);
			name = ViewControllers;
			sourceTree = "<group>";
		};
		FBC792671DE5FDC40065132B /* TableViewCells */ = {
			isa = PBXGroup;
			children = (
				FBC792681DE5FE110065132B /* CharacterTableViewCell.swift */,
				FBC792691DE5FE110065132B /* CharacterTableViewCell.xib */,
			);
			name = TableViewCells;
			sourceTree = "<group>";
		};
/* End PBXGroup section */

/* Begin PBXNativeTarget section */
		FBA5D0201DE46361008782E6 /* MarvelApp */ = {
			isa = PBXNativeTarget;
			buildConfigurationList = FBA5D0491DE46361008782E6 /* Build configuration list for PBXNativeTarget "MarvelApp" */;
			buildPhases = (
				93416270FF8D71509507043C /* [CP] Check Pods Manifest.lock */,
				FBA5D01D1DE46361008782E6 /* Sources */,
				FBA5D01E1DE46361008782E6 /* Frameworks */,
				FBA5D01F1DE46361008782E6 /* Resources */,
				EEE349FFAFDF39D19A52CD9A /* [CP] Embed Pods Frameworks */,
				E43795FCB73F466CFCBF7B82 /* [CP] Copy Pods Resources */,
			);
			buildRules = (
			);
			dependencies = (
			);
			name = MarvelApp;
			productName = MarvelApp;
			productReference = FBA5D0211DE46361008782E6 /* MarvelApp.app */;
			productType = "com.apple.product-type.application";
		};
		FBA5D0341DE46361008782E6 /* MarvelAppTests */ = {
			isa = PBXNativeTarget;
			buildConfigurationList = FBA5D04C1DE46361008782E6 /* Build configuration list for PBXNativeTarget "MarvelAppTests" */;
			buildPhases = (
				3C4B9DFF46229861CAE9E126 /* [CP] Check Pods Manifest.lock */,
				FBA5D0311DE46361008782E6 /* Sources */,
				FBA5D0321DE46361008782E6 /* Frameworks */,
				FBA5D0331DE46361008782E6 /* Resources */,
				0F1CA86260C379C4656781B2 /* [CP] Embed Pods Frameworks */,
				B4FF2015E90AFD54CCB7C40D /* [CP] Copy Pods Resources */,
			);
			buildRules = (
			);
			dependencies = (
				FBA5D0371DE46361008782E6 /* PBXTargetDependency */,
			);
			name = MarvelAppTests;
			productName = MarvelAppTests;
			productReference = FBA5D0351DE46361008782E6 /* MarvelAppTests.xctest */;
			productType = "com.apple.product-type.bundle.unit-test";
		};
		FBA5D03F1DE46361008782E6 /* MarvelAppUITests */ = {
			isa = PBXNativeTarget;
			buildConfigurationList = FBA5D04F1DE46361008782E6 /* Build configuration list for PBXNativeTarget "MarvelAppUITests" */;
			buildPhases = (
				DF5E8C60421A6BE994F522E6 /* [CP] Check Pods Manifest.lock */,
				FBA5D03C1DE46361008782E6 /* Sources */,
				FBA5D03D1DE46361008782E6 /* Frameworks */,
				FBA5D03E1DE46361008782E6 /* Resources */,
				595BBC8687D702585A4E125F /* [CP] Embed Pods Frameworks */,
				81E00E1F2D8C456011B701DC /* [CP] Copy Pods Resources */,
			);
			buildRules = (
			);
			dependencies = (
				FBA5D0421DE46361008782E6 /* PBXTargetDependency */,
			);
			name = MarvelAppUITests;
			productName = MarvelAppUITests;
			productReference = FBA5D0401DE46361008782E6 /* MarvelAppUITests.xctest */;
			productType = "com.apple.product-type.bundle.ui-testing";
		};
/* End PBXNativeTarget section */

/* Begin PBXProject section */
		FBA5D0191DE46361008782E6 /* Project object */ = {
			isa = PBXProject;
			attributes = {
				LastSwiftUpdateCheck = 0810;
				LastUpgradeCheck = 0810;
				ORGANIZATIONNAME = Norberto;
				TargetAttributes = {
					FBA5D0201DE46361008782E6 = {
						CreatedOnToolsVersion = 8.1;
						LastSwiftMigration = 0810;
						ProvisioningStyle = Automatic;
					};
					FBA5D0341DE46361008782E6 = {
						CreatedOnToolsVersion = 8.1;
						LastSwiftMigration = 0810;
						ProvisioningStyle = Automatic;
						TestTargetID = FBA5D0201DE46361008782E6;
					};
					FBA5D03F1DE46361008782E6 = {
						CreatedOnToolsVersion = 8.1;
						LastSwiftMigration = 0810;
						ProvisioningStyle = Automatic;
						TestTargetID = FBA5D0201DE46361008782E6;
					};
				};
			};
			buildConfigurationList = FBA5D01C1DE46361008782E6 /* Build configuration list for PBXProject "MarvelApp" */;
			compatibilityVersion = "Xcode 3.2";
			developmentRegion = English;
			hasScannedForEncodings = 0;
			knownRegions = (
				en,
				Base,
			);
			mainGroup = FBA5D0181DE46361008782E6;
			productRefGroup = FBA5D0221DE46361008782E6 /* Products */;
			projectDirPath = "";
			projectRoot = "";
			targets = (
				FBA5D0201DE46361008782E6 /* MarvelApp */,
				FBA5D0341DE46361008782E6 /* MarvelAppTests */,
				FBA5D03F1DE46361008782E6 /* MarvelAppUITests */,
			);
		};
/* End PBXProject section */

/* Begin PBXResourcesBuildPhase section */
		FBA5D01F1DE46361008782E6 /* Resources */ = {
			isa = PBXResourcesBuildPhase;
			buildActionMask = 2147483647;
			files = (
				FBA5D05D1DE47289008782E6 /* Main.storyboard in Resources */,
				FBA5D02C1DE46361008782E6 /* Assets.xcassets in Resources */,
				FBA5D05C1DE47289008782E6 /* LaunchScreen.storyboard in Resources */,
				FBC7926D1DE5FE110065132B /* CharacterTableViewCell.xib in Resources */,
			);
			runOnlyForDeploymentPostprocessing = 0;
		};
		FBA5D0331DE46361008782E6 /* Resources */ = {
			isa = PBXResourcesBuildPhase;
			buildActionMask = 2147483647;
			files = (
				FBC7926E1DE5FE110065132B /* CharacterTableViewCell.xib in Resources */,
			);
			runOnlyForDeploymentPostprocessing = 0;
		};
		FBA5D03E1DE46361008782E6 /* Resources */ = {
			isa = PBXResourcesBuildPhase;
			buildActionMask = 2147483647;
			files = (
				FBC7926F1DE5FE110065132B /* CharacterTableViewCell.xib in Resources */,
			);
			runOnlyForDeploymentPostprocessing = 0;
		};
/* End PBXResourcesBuildPhase section */

/* Begin PBXShellScriptBuildPhase section */
		0F1CA86260C379C4656781B2 /* [CP] Embed Pods Frameworks */ = {
			isa = PBXShellScriptBuildPhase;
			buildActionMask = 2147483647;
			files = (
			);
			inputPaths = (
			);
			name = "[CP] Embed Pods Frameworks";
			outputPaths = (
			);
			runOnlyForDeploymentPostprocessing = 0;
			shellPath = /bin/sh;
			shellScript = "\"${SRCROOT}/Pods/Target Support Files/Pods-MarvelAppTests/Pods-MarvelAppTests-frameworks.sh\"\n";
			showEnvVarsInLog = 0;
		};
		3C4B9DFF46229861CAE9E126 /* [CP] Check Pods Manifest.lock */ = {
			isa = PBXShellScriptBuildPhase;
			buildActionMask = 2147483647;
			files = (
			);
			inputPaths = (
			);
			name = "[CP] Check Pods Manifest.lock";
			outputPaths = (
			);
			runOnlyForDeploymentPostprocessing = 0;
			shellPath = /bin/sh;
			shellScript = "diff \"${PODS_ROOT}/../Podfile.lock\" \"${PODS_ROOT}/Manifest.lock\" > /dev/null\nif [ $? != 0 ] ; then\n    # print error to STDERR\n    echo \"error: The sandbox is not in sync with the Podfile.lock. Run 'pod install' or update your CocoaPods installation.\" >&2\n    exit 1\nfi\n";
			showEnvVarsInLog = 0;
		};
		595BBC8687D702585A4E125F /* [CP] Embed Pods Frameworks */ = {
			isa = PBXShellScriptBuildPhase;
			buildActionMask = 2147483647;
			files = (
			);
			inputPaths = (
			);
			name = "[CP] Embed Pods Frameworks";
			outputPaths = (
			);
			runOnlyForDeploymentPostprocessing = 0;
			shellPath = /bin/sh;
			shellScript = "\"${SRCROOT}/Pods/Target Support Files/Pods-MarvelAppUITests/Pods-MarvelAppUITests-frameworks.sh\"\n";
			showEnvVarsInLog = 0;
		};
		81E00E1F2D8C456011B701DC /* [CP] Copy Pods Resources */ = {
			isa = PBXShellScriptBuildPhase;
			buildActionMask = 2147483647;
			files = (
			);
			inputPaths = (
			);
			name = "[CP] Copy Pods Resources";
			outputPaths = (
			);
			runOnlyForDeploymentPostprocessing = 0;
			shellPath = /bin/sh;
			shellScript = "\"${SRCROOT}/Pods/Target Support Files/Pods-MarvelAppUITests/Pods-MarvelAppUITests-resources.sh\"\n";
			showEnvVarsInLog = 0;
		};
		93416270FF8D71509507043C /* [CP] Check Pods Manifest.lock */ = {
			isa = PBXShellScriptBuildPhase;
			buildActionMask = 2147483647;
			files = (
			);
			inputPaths = (
			);
			name = "[CP] Check Pods Manifest.lock";
			outputPaths = (
			);
			runOnlyForDeploymentPostprocessing = 0;
			shellPath = /bin/sh;
			shellScript = "diff \"${PODS_ROOT}/../Podfile.lock\" \"${PODS_ROOT}/Manifest.lock\" > /dev/null\nif [ $? != 0 ] ; then\n    # print error to STDERR\n    echo \"error: The sandbox is not in sync with the Podfile.lock. Run 'pod install' or update your CocoaPods installation.\" >&2\n    exit 1\nfi\n";
			showEnvVarsInLog = 0;
		};
		B4FF2015E90AFD54CCB7C40D /* [CP] Copy Pods Resources */ = {
			isa = PBXShellScriptBuildPhase;
			buildActionMask = 2147483647;
			files = (
			);
			inputPaths = (
			);
			name = "[CP] Copy Pods Resources";
			outputPaths = (
			);
			runOnlyForDeploymentPostprocessing = 0;
			shellPath = /bin/sh;
			shellScript = "\"${SRCROOT}/Pods/Target Support Files/Pods-MarvelAppTests/Pods-MarvelAppTests-resources.sh\"\n";
			showEnvVarsInLog = 0;
		};
		DF5E8C60421A6BE994F522E6 /* [CP] Check Pods Manifest.lock */ = {
			isa = PBXShellScriptBuildPhase;
			buildActionMask = 2147483647;
			files = (
			);
			inputPaths = (
			);
			name = "[CP] Check Pods Manifest.lock";
			outputPaths = (
			);
			runOnlyForDeploymentPostprocessing = 0;
			shellPath = /bin/sh;
			shellScript = "diff \"${PODS_ROOT}/../Podfile.lock\" \"${PODS_ROOT}/Manifest.lock\" > /dev/null\nif [ $? != 0 ] ; then\n    # print error to STDERR\n    echo \"error: The sandbox is not in sync with the Podfile.lock. Run 'pod install' or update your CocoaPods installation.\" >&2\n    exit 1\nfi\n";
			showEnvVarsInLog = 0;
		};
		E43795FCB73F466CFCBF7B82 /* [CP] Copy Pods Resources */ = {
			isa = PBXShellScriptBuildPhase;
			buildActionMask = 2147483647;
			files = (
			);
			inputPaths = (
			);
			name = "[CP] Copy Pods Resources";
			outputPaths = (
			);
			runOnlyForDeploymentPostprocessing = 0;
			shellPath = /bin/sh;
			shellScript = "\"${SRCROOT}/Pods/Target Support Files/Pods-MarvelApp/Pods-MarvelApp-resources.sh\"\n";
			showEnvVarsInLog = 0;
		};
		EEE349FFAFDF39D19A52CD9A /* [CP] Embed Pods Frameworks */ = {
			isa = PBXShellScriptBuildPhase;
			buildActionMask = 2147483647;
			files = (
			);
			inputPaths = (
			);
			name = "[CP] Embed Pods Frameworks";
			outputPaths = (
			);
			runOnlyForDeploymentPostprocessing = 0;
			shellPath = /bin/sh;
			shellScript = "\"${SRCROOT}/Pods/Target Support Files/Pods-MarvelApp/Pods-MarvelApp-frameworks.sh\"\n";
			showEnvVarsInLog = 0;
		};
/* End PBXShellScriptBuildPhase section */

/* Begin PBXSourcesBuildPhase section */
		FBA5D01D1DE46361008782E6 /* Sources */ = {
			isa = PBXSourcesBuildPhase;
			buildActionMask = 2147483647;
			files = (
				FBC7924A1DE5A7E10065132B /* APIManager.swift in Sources */,
				FBC7924F1DE5B2DC0065132B /* Character.swift in Sources */,
				FBA5D0771DE59A41008782E6 /* MarvelService.swift in Sources */,
				FBA5D0251DE46361008782E6 /* AppDelegate.swift in Sources */,
				FBC792541DE5BE230065132B /* GetCharactersResponse.swift in Sources */,
				FBC792461DE5A3F90065132B /* MarvelSession.swift in Sources */,
				FBC792581DE5EA500065132B /* MarvelData.swift in Sources */,
				FBC7926A1DE5FE110065132B /* CharacterTableViewCell.swift in Sources */,
				FBA5D0731DE5998C008782E6 /* String+Utils.swift in Sources */,
				FBC792611DE5F7490065132B /* CharacterGroupViewController.swift in Sources */,
				FB8932B91DF5DCE500F0E845 /* UIView+Utils.swift in Sources */,
			);
			runOnlyForDeploymentPostprocessing = 0;
		};
		FBA5D0311DE46361008782E6 /* Sources */ = {
			isa = PBXSourcesBuildPhase;
			buildActionMask = 2147483647;
			files = (
				FBA5D0741DE5998C008782E6 /* String+Utils.swift in Sources */,
				FBC792471DE5A3F90065132B /* MarvelSession.swift in Sources */,
				FBC792551DE5BE230065132B /* GetCharactersResponse.swift in Sources */,
				FBC7924B1DE5A7E10065132B /* APIManager.swift in Sources */,
				FBC792501DE5B2DC0065132B /* Character.swift in Sources */,
				FBA5D0781DE59A41008782E6 /* MarvelService.swift in Sources */,
				FBA5D03A1DE46361008782E6 /* MarvelAppTests.swift in Sources */,
				FBC7926B1DE5FE110065132B /* CharacterTableViewCell.swift in Sources */,
				FBC792591DE5EA500065132B /* MarvelData.swift in Sources */,
				FBC792621DE5F8220065132B /* CharacterGroupViewController.swift in Sources */,
				FB8932BA1DF5DCE500F0E845 /* UIView+Utils.swift in Sources */,
			);
			runOnlyForDeploymentPostprocessing = 0;
		};
		FBA5D03C1DE46361008782E6 /* Sources */ = {
			isa = PBXSourcesBuildPhase;
			buildActionMask = 2147483647;
			files = (
				FBA5D0751DE5998C008782E6 /* String+Utils.swift in Sources */,
				FBC792481DE5A3F90065132B /* MarvelSession.swift in Sources */,
				FBC792561DE5BE230065132B /* GetCharactersResponse.swift in Sources */,
				FBC7924C1DE5A7E10065132B /* APIManager.swift in Sources */,
				FBC792511DE5B2DC0065132B /* Character.swift in Sources */,
				FBA5D0791DE59A41008782E6 /* MarvelService.swift in Sources */,
				FBA5D0451DE46361008782E6 /* MarvelAppUITests.swift in Sources */,
				FBC7926C1DE5FE110065132B /* CharacterTableViewCell.swift in Sources */,
				FBC7925A1DE5EA500065132B /* MarvelData.swift in Sources */,
				FBC792631DE5F8230065132B /* CharacterGroupViewController.swift in Sources */,
				FB8932BB1DF5DCE500F0E845 /* UIView+Utils.swift in Sources */,
			);
			runOnlyForDeploymentPostprocessing = 0;
		};
/* End PBXSourcesBuildPhase section */

/* Begin PBXTargetDependency section */
		FBA5D0371DE46361008782E6 /* PBXTargetDependency */ = {
			isa = PBXTargetDependency;
			target = FBA5D0201DE46361008782E6 /* MarvelApp */;
			targetProxy = FBA5D0361DE46361008782E6 /* PBXContainerItemProxy */;
		};
		FBA5D0421DE46361008782E6 /* PBXTargetDependency */ = {
			isa = PBXTargetDependency;
			target = FBA5D0201DE46361008782E6 /* MarvelApp */;
			targetProxy = FBA5D0411DE46361008782E6 /* PBXContainerItemProxy */;
		};
/* End PBXTargetDependency section */

/* Begin PBXVariantGroup section */
		FBA5D0581DE47289008782E6 /* LaunchScreen.storyboard */ = {
			isa = PBXVariantGroup;
			children = (
				FBA5D0591DE47289008782E6 /* Base */,
			);
			name = LaunchScreen.storyboard;
			sourceTree = "<group>";
		};
		FBA5D05A1DE47289008782E6 /* Main.storyboard */ = {
			isa = PBXVariantGroup;
			children = (
				FBA5D05B1DE47289008782E6 /* Base */,
			);
			name = Main.storyboard;
			sourceTree = "<group>";
		};
/* End PBXVariantGroup section */

/* Begin XCBuildConfiguration section */
		FBA5D0471DE46361008782E6 /* Debug */ = {
			isa = XCBuildConfiguration;
			buildSettings = {
				ALWAYS_SEARCH_USER_PATHS = NO;
				CLANG_ANALYZER_NONNULL = YES;
				CLANG_CXX_LANGUAGE_STANDARD = "gnu++0x";
				CLANG_CXX_LIBRARY = "libc++";
				CLANG_ENABLE_MODULES = YES;
				CLANG_ENABLE_OBJC_ARC = YES;
				CLANG_WARN_BOOL_CONVERSION = YES;
				CLANG_WARN_CONSTANT_CONVERSION = YES;
				CLANG_WARN_DIRECT_OBJC_ISA_USAGE = YES_ERROR;
				CLANG_WARN_DOCUMENTATION_COMMENTS = YES;
				CLANG_WARN_EMPTY_BODY = YES;
				CLANG_WARN_ENUM_CONVERSION = YES;
				CLANG_WARN_INFINITE_RECURSION = YES;
				CLANG_WARN_INT_CONVERSION = YES;
				CLANG_WARN_OBJC_ROOT_CLASS = YES_ERROR;
				CLANG_WARN_SUSPICIOUS_MOVES = YES;
				CLANG_WARN_UNREACHABLE_CODE = YES;
				CLANG_WARN__DUPLICATE_METHOD_MATCH = YES;
				"CODE_SIGN_IDENTITY[sdk=iphoneos*]" = "iPhone Developer";
				COPY_PHASE_STRIP = NO;
				DEBUG_INFORMATION_FORMAT = dwarf;
				ENABLE_STRICT_OBJC_MSGSEND = YES;
				ENABLE_TESTABILITY = YES;
				GCC_C_LANGUAGE_STANDARD = gnu99;
				GCC_DYNAMIC_NO_PIC = NO;
				GCC_NO_COMMON_BLOCKS = YES;
				GCC_OPTIMIZATION_LEVEL = 0;
				GCC_PREPROCESSOR_DEFINITIONS = (
					"DEBUG=1",
					"$(inherited)",
				);
				GCC_WARN_64_TO_32_BIT_CONVERSION = YES;
				GCC_WARN_ABOUT_RETURN_TYPE = YES_ERROR;
				GCC_WARN_UNDECLARED_SELECTOR = YES;
				GCC_WARN_UNINITIALIZED_AUTOS = YES_AGGRESSIVE;
				GCC_WARN_UNUSED_FUNCTION = YES;
				GCC_WARN_UNUSED_VARIABLE = YES;
				IPHONEOS_DEPLOYMENT_TARGET = 10.1;
				MTL_ENABLE_DEBUG_INFO = YES;
				ONLY_ACTIVE_ARCH = YES;
				SDKROOT = iphoneos;
				SWIFT_ACTIVE_COMPILATION_CONDITIONS = DEBUG;
				SWIFT_OPTIMIZATION_LEVEL = "-Onone";
				TARGETED_DEVICE_FAMILY = "1,2";
			};
			name = Debug;
		};
		FBA5D0481DE46361008782E6 /* Release */ = {
			isa = XCBuildConfiguration;
			buildSettings = {
				ALWAYS_SEARCH_USER_PATHS = NO;
				CLANG_ANALYZER_NONNULL = YES;
				CLANG_CXX_LANGUAGE_STANDARD = "gnu++0x";
				CLANG_CXX_LIBRARY = "libc++";
				CLANG_ENABLE_MODULES = YES;
				CLANG_ENABLE_OBJC_ARC = YES;
				CLANG_WARN_BOOL_CONVERSION = YES;
				CLANG_WARN_CONSTANT_CONVERSION = YES;
				CLANG_WARN_DIRECT_OBJC_ISA_USAGE = YES_ERROR;
				CLANG_WARN_DOCUMENTATION_COMMENTS = YES;
				CLANG_WARN_EMPTY_BODY = YES;
				CLANG_WARN_ENUM_CONVERSION = YES;
				CLANG_WARN_INFINITE_RECURSION = YES;
				CLANG_WARN_INT_CONVERSION = YES;
				CLANG_WARN_OBJC_ROOT_CLASS = YES_ERROR;
				CLANG_WARN_SUSPICIOUS_MOVES = YES;
				CLANG_WARN_UNREACHABLE_CODE = YES;
				CLANG_WARN__DUPLICATE_METHOD_MATCH = YES;
				"CODE_SIGN_IDENTITY[sdk=iphoneos*]" = "iPhone Developer";
				COPY_PHASE_STRIP = NO;
				DEBUG_INFORMATION_FORMAT = "dwarf-with-dsym";
				ENABLE_NS_ASSERTIONS = NO;
				ENABLE_STRICT_OBJC_MSGSEND = YES;
				GCC_C_LANGUAGE_STANDARD = gnu99;
				GCC_NO_COMMON_BLOCKS = YES;
				GCC_WARN_64_TO_32_BIT_CONVERSION = YES;
				GCC_WARN_ABOUT_RETURN_TYPE = YES_ERROR;
				GCC_WARN_UNDECLARED_SELECTOR = YES;
				GCC_WARN_UNINITIALIZED_AUTOS = YES_AGGRESSIVE;
				GCC_WARN_UNUSED_FUNCTION = YES;
				GCC_WARN_UNUSED_VARIABLE = YES;
				IPHONEOS_DEPLOYMENT_TARGET = 10.1;
				MTL_ENABLE_DEBUG_INFO = NO;
				SDKROOT = iphoneos;
				SWIFT_OPTIMIZATION_LEVEL = "-Owholemodule";
				TARGETED_DEVICE_FAMILY = "1,2";
				VALIDATE_PRODUCT = YES;
			};
			name = Release;
		};
		FBA5D04A1DE46361008782E6 /* Debug */ = {
			isa = XCBuildConfiguration;
			baseConfigurationReference = 2E39743CE2C6DD2523F0D9D1 /* Pods-MarvelApp.debug.xcconfig */;
			buildSettings = {
				ASSETCATALOG_COMPILER_APPICON_NAME = AppIcon;
				CLANG_ENABLE_MODULES = YES;
				INFOPLIST_FILE = MarvelApp/Info.plist;
				IPHONEOS_DEPLOYMENT_TARGET = 9.0;
				LD_RUNPATH_SEARCH_PATHS = "$(inherited) @executable_path/Frameworks";
				PRODUCT_BUNDLE_IDENTIFIER = nvasconcelos.MarvelApp;
				PRODUCT_NAME = "$(TARGET_NAME)";
				SWIFT_OBJC_BRIDGING_HEADER = "MarvelApp/Bridging-Headers/MarvelApp-Bridging-Header.h";
				SWIFT_OPTIMIZATION_LEVEL = "-Onone";
				SWIFT_VERSION = 3.0;
			};
			name = Debug;
		};
		FBA5D04B1DE46361008782E6 /* Release */ = {
			isa = XCBuildConfiguration;
			baseConfigurationReference = DC5921ACB43CC14000BCA4ED /* Pods-MarvelApp.release.xcconfig */;
			buildSettings = {
				ASSETCATALOG_COMPILER_APPICON_NAME = AppIcon;
				CLANG_ENABLE_MODULES = YES;
				INFOPLIST_FILE = MarvelApp/Info.plist;
				IPHONEOS_DEPLOYMENT_TARGET = 9.0;
				LD_RUNPATH_SEARCH_PATHS = "$(inherited) @executable_path/Frameworks";
				PRODUCT_BUNDLE_IDENTIFIER = nvasconcelos.MarvelApp;
				PRODUCT_NAME = "$(TARGET_NAME)";
				SWIFT_OBJC_BRIDGING_HEADER = "MarvelApp/Bridging-Headers/MarvelApp-Bridging-Header.h";
				SWIFT_VERSION = 3.0;
			};
			name = Release;
		};
		FBA5D04D1DE46361008782E6 /* Debug */ = {
			isa = XCBuildConfiguration;
			baseConfigurationReference = 9EDCE45E79B89A46798EC619 /* Pods-MarvelAppTests.debug.xcconfig */;
			buildSettings = {
				ALWAYS_EMBED_SWIFT_STANDARD_LIBRARIES = YES;
				BUNDLE_LOADER = "$(TEST_HOST)";
				CLANG_ENABLE_MODULES = YES;
				INFOPLIST_FILE = MarvelAppTests/Info.plist;
				LD_RUNPATH_SEARCH_PATHS = "$(inherited) @executable_path/Frameworks @loader_path/Frameworks";
				PRODUCT_BUNDLE_IDENTIFIER = nvasconcelos.MarvelAppTests;
				PRODUCT_NAME = "$(TARGET_NAME)";
				SWIFT_OBJC_BRIDGING_HEADER = "MarvelApp/Bridging-Headers/MarvelApp-Bridging-Header.h";
				SWIFT_OPTIMIZATION_LEVEL = "-Onone";
				SWIFT_VERSION = 3.0;
				TEST_HOST = "$(BUILT_PRODUCTS_DIR)/MarvelApp.app/MarvelApp";
			};
			name = Debug;
		};
		FBA5D04E1DE46361008782E6 /* Release */ = {
			isa = XCBuildConfiguration;
			baseConfigurationReference = 6DFE28B60DEE29F45F19093F /* Pods-MarvelAppTests.release.xcconfig */;
			buildSettings = {
				ALWAYS_EMBED_SWIFT_STANDARD_LIBRARIES = YES;
				BUNDLE_LOADER = "$(TEST_HOST)";
				CLANG_ENABLE_MODULES = YES;
				INFOPLIST_FILE = MarvelAppTests/Info.plist;
				LD_RUNPATH_SEARCH_PATHS = "$(inherited) @executable_path/Frameworks @loader_path/Frameworks";
				PRODUCT_BUNDLE_IDENTIFIER = nvasconcelos.MarvelAppTests;
				PRODUCT_NAME = "$(TARGET_NAME)";
				SWIFT_OBJC_BRIDGING_HEADER = "MarvelApp/Bridging-Headers/MarvelApp-Bridging-Header.h";
				SWIFT_VERSION = 3.0;
				TEST_HOST = "$(BUILT_PRODUCTS_DIR)/MarvelApp.app/MarvelApp";
			};
			name = Release;
		};
		FBA5D0501DE46361008782E6 /* Debug */ = {
			isa = XCBuildConfiguration;
			baseConfigurationReference = FF94A672C0C179BB0C3D9813 /* Pods-MarvelAppUITests.debug.xcconfig */;
			buildSettings = {
				ALWAYS_EMBED_SWIFT_STANDARD_LIBRARIES = YES;
				CLANG_ENABLE_MODULES = YES;
				INFOPLIST_FILE = MarvelAppUITests/Info.plist;
				LD_RUNPATH_SEARCH_PATHS = "$(inherited) @executable_path/Frameworks @loader_path/Frameworks";
				PRODUCT_BUNDLE_IDENTIFIER = nvasconcelos.MarvelAppUITests;
				PRODUCT_NAME = "$(TARGET_NAME)";
				SWIFT_OBJC_BRIDGING_HEADER = "MarvelApp/Bridging-Headers/MarvelApp-Bridging-Header.h";
				SWIFT_OPTIMIZATION_LEVEL = "-Onone";
				SWIFT_VERSION = 3.0;
				TEST_TARGET_NAME = MarvelApp;
			};
			name = Debug;
		};
		FBA5D0511DE46361008782E6 /* Release */ = {
			isa = XCBuildConfiguration;
			baseConfigurationReference = FFA528BF3AECE8C265952FDE /* Pods-MarvelAppUITests.release.xcconfig */;
			buildSettings = {
				ALWAYS_EMBED_SWIFT_STANDARD_LIBRARIES = YES;
				CLANG_ENABLE_MODULES = YES;
				INFOPLIST_FILE = MarvelAppUITests/Info.plist;
				LD_RUNPATH_SEARCH_PATHS = "$(inherited) @executable_path/Frameworks @loader_path/Frameworks";
				PRODUCT_BUNDLE_IDENTIFIER = nvasconcelos.MarvelAppUITests;
				PRODUCT_NAME = "$(TARGET_NAME)";
				SWIFT_OBJC_BRIDGING_HEADER = "MarvelApp/Bridging-Headers/MarvelApp-Bridging-Header.h";
				SWIFT_VERSION = 3.0;
				TEST_TARGET_NAME = MarvelApp;
			};
			name = Release;
		};
/* End XCBuildConfiguration section */

/* Begin XCConfigurationList section */
		FBA5D01C1DE46361008782E6 /* Build configuration list for PBXProject "MarvelApp" */ = {
			isa = XCConfigurationList;
			buildConfigurations = (
				FBA5D0471DE46361008782E6 /* Debug */,
				FBA5D0481DE46361008782E6 /* Release */,
			);
			defaultConfigurationIsVisible = 0;
			defaultConfigurationName = Release;
		};
		FBA5D0491DE46361008782E6 /* Build configuration list for PBXNativeTarget "MarvelApp" */ = {
			isa = XCConfigurationList;
			buildConfigurations = (
				FBA5D04A1DE46361008782E6 /* Debug */,
				FBA5D04B1DE46361008782E6 /* Release */,
			);
			defaultConfigurationIsVisible = 0;
			defaultConfigurationName = Release;
		};
		FBA5D04C1DE46361008782E6 /* Build configuration list for PBXNativeTarget "MarvelAppTests" */ = {
			isa = XCConfigurationList;
			buildConfigurations = (
				FBA5D04D1DE46361008782E6 /* Debug */,
				FBA5D04E1DE46361008782E6 /* Release */,
			);
			defaultConfigurationIsVisible = 0;
			defaultConfigurationName = Release;
		};
		FBA5D04F1DE46361008782E6 /* Build configuration list for PBXNativeTarget "MarvelAppUITests" */ = {
			isa = XCConfigurationList;
			buildConfigurations = (
				FBA5D0501DE46361008782E6 /* Debug */,
				FBA5D0511DE46361008782E6 /* Release */,
			);
			defaultConfigurationIsVisible = 0;
			defaultConfigurationName = Release;
		};
/* End XCConfigurationList section */
	};
	rootObject = FBA5D0191DE46361008782E6 /* Project object */;
}
